// !$*UTF8*$!
{
	archiveVersion = 1;
	classes = {
	};
	objectVersion = 51;
	objects = {

/* Begin PBXBuildFile section */
		472B4D092786C4F200F06DB7 /* RemoteDatabase.swift in Sources */ = {isa = PBXBuildFile; fileRef = 472B4D082786C4F200F06DB7 /* RemoteDatabase.swift */; };
		473F95A62784374900EFD72B /* AppDelegate.swift in Sources */ = {isa = PBXBuildFile; fileRef = 473F95A52784374900EFD72B /* AppDelegate.swift */; };
		473F95A82784374900EFD72B /* SceneDelegate.swift in Sources */ = {isa = PBXBuildFile; fileRef = 473F95A72784374900EFD72B /* SceneDelegate.swift */; };
		473F95AA2784374900EFD72B /* ViewController.swift in Sources */ = {isa = PBXBuildFile; fileRef = 473F95A92784374900EFD72B /* ViewController.swift */; };
		473F95AF2784374A00EFD72B /* Assets.xcassets in Resources */ = {isa = PBXBuildFile; fileRef = 473F95AE2784374A00EFD72B /* Assets.xcassets */; };
		473F95B22784374A00EFD72B /* LaunchScreen.storyboard in Resources */ = {isa = PBXBuildFile; fileRef = 473F95B02784374A00EFD72B /* LaunchScreen.storyboard */; };
		473F95BA27843B8600EFD72B /* TableViewCell.swift in Sources */ = {isa = PBXBuildFile; fileRef = 473F95B927843B8600EFD72B /* TableViewCell.swift */; };
		473F95BC2784426C00EFD72B /* PersonModel.swift in Sources */ = {isa = PBXBuildFile; fileRef = 473F95BB2784426C00EFD72B /* PersonModel.swift */; };
		473F95BE2784448A00EFD72B /* Extension.swift in Sources */ = {isa = PBXBuildFile; fileRef = 473F95BD2784448A00EFD72B /* Extension.swift */; };
		47420F392785293000005F1E /* ContactPersonViewController.swift in Sources */ = {isa = PBXBuildFile; fileRef = 47420F382785293000005F1E /* ContactPersonViewController.swift */; };
		47B7124D2785520500B03FF2 /* Database.swift in Sources */ = {isa = PBXBuildFile; fileRef = 47B7124C2785520500B03FF2 /* Database.swift */; };
		7F07BA40A1DC8421FE2D346F /* Pods_SqliteProject.framework in Frameworks */ = {isa = PBXBuildFile; fileRef = 37F15324E1A3B2B9E32C6A6D /* Pods_SqliteProject.framework */; };
/* End PBXBuildFile section */

/* Begin PBXFileReference section */
		2A17032CD7BF67FB89BB25AE /* Pods-SqliteProject.release.xcconfig */ = {isa = PBXFileReference; includeInIndex = 1; lastKnownFileType = text.xcconfig; name = "Pods-SqliteProject.release.xcconfig"; path = "Target Support Files/Pods-SqliteProject/Pods-SqliteProject.release.xcconfig"; sourceTree = "<group>"; };
		37F15324E1A3B2B9E32C6A6D /* Pods_SqliteProject.framework */ = {isa = PBXFileReference; explicitFileType = wrapper.framework; includeInIndex = 0; path = Pods_SqliteProject.framework; sourceTree = BUILT_PRODUCTS_DIR; };
		472B4D082786C4F200F06DB7 /* RemoteDatabase.swift */ = {isa = PBXFileReference; lastKnownFileType = sourcecode.swift; path = RemoteDatabase.swift; sourceTree = "<group>"; };
		473F95A22784374900EFD72B /* SqliteProject.app */ = {isa = PBXFileReference; explicitFileType = wrapper.application; includeInIndex = 0; path = SqliteProject.app; sourceTree = BUILT_PRODUCTS_DIR; };
		473F95A52784374900EFD72B /* AppDelegate.swift */ = {isa = PBXFileReference; lastKnownFileType = sourcecode.swift; path = AppDelegate.swift; sourceTree = "<group>"; };
		473F95A72784374900EFD72B /* SceneDelegate.swift */ = {isa = PBXFileReference; lastKnownFileType = sourcecode.swift; path = SceneDelegate.swift; sourceTree = "<group>"; };
		473F95A92784374900EFD72B /* ViewController.swift */ = {isa = PBXFileReference; lastKnownFileType = sourcecode.swift; path = ViewController.swift; sourceTree = "<group>"; };
		473F95AE2784374A00EFD72B /* Assets.xcassets */ = {isa = PBXFileReference; lastKnownFileType = folder.assetcatalog; path = Assets.xcassets; sourceTree = "<group>"; };
		473F95B12784374A00EFD72B /* Base */ = {isa = PBXFileReference; lastKnownFileType = file.storyboard; name = Base; path = Base.lproj/LaunchScreen.storyboard; sourceTree = "<group>"; };
		473F95B32784374A00EFD72B /* Info.plist */ = {isa = PBXFileReference; lastKnownFileType = text.plist.xml; path = Info.plist; sourceTree = "<group>"; };
		473F95B927843B8600EFD72B /* TableViewCell.swift */ = {isa = PBXFileReference; lastKnownFileType = sourcecode.swift; path = TableViewCell.swift; sourceTree = "<group>"; };
		473F95BB2784426C00EFD72B /* PersonModel.swift */ = {isa = PBXFileReference; lastKnownFileType = sourcecode.swift; path = PersonModel.swift; sourceTree = "<group>"; };
		473F95BD2784448A00EFD72B /* Extension.swift */ = {isa = PBXFileReference; lastKnownFileType = sourcecode.swift; path = Extension.swift; sourceTree = "<group>"; };
		47420F382785293000005F1E /* ContactPersonViewController.swift */ = {isa = PBXFileReference; lastKnownFileType = sourcecode.swift; path = ContactPersonViewController.swift; sourceTree = "<group>"; };
		47B7124C2785520500B03FF2 /* Database.swift */ = {isa = PBXFileReference; lastKnownFileType = sourcecode.swift; path = Database.swift; sourceTree = "<group>"; };
		5BC23536426A3EEC7F2F5C9D /* Pods-SqliteProject.debug.xcconfig */ = {isa = PBXFileReference; includeInIndex = 1; lastKnownFileType = text.xcconfig; name = "Pods-SqliteProject.debug.xcconfig"; path = "Target Support Files/Pods-SqliteProject/Pods-SqliteProject.debug.xcconfig"; sourceTree = "<group>"; };
/* End PBXFileReference section */

/* Begin PBXFrameworksBuildPhase section */
		473F959F2784374900EFD72B /* Frameworks */ = {
			isa = PBXFrameworksBuildPhase;
			buildActionMask = 2147483647;
			files = (
				7F07BA40A1DC8421FE2D346F /* Pods_SqliteProject.framework in Frameworks */,
			);
			runOnlyForDeploymentPostprocessing = 0;
		};
/* End PBXFrameworksBuildPhase section */

/* Begin PBXGroup section */
		1C532AD6831628E6A134AEB5 /* Frameworks */ = {
			isa = PBXGroup;
			children = (
				37F15324E1A3B2B9E32C6A6D /* Pods_SqliteProject.framework */,
			);
			name = Frameworks;
			sourceTree = "<group>";
		};
		473F95992784374900EFD72B = {
			isa = PBXGroup;
			children = (
				473F95A42784374900EFD72B /* SqliteProject */,
				473F95A32784374900EFD72B /* Products */,
				51ADA9245A7008C1E14BBDBB /* Pods */,
				1C532AD6831628E6A134AEB5 /* Frameworks */,
			);
			sourceTree = "<group>";
		};
		473F95A32784374900EFD72B /* Products */ = {
			isa = PBXGroup;
			children = (
				473F95A22784374900EFD72B /* SqliteProject.app */,
			);
			name = Products;
			sourceTree = "<group>";
		};
		473F95A42784374900EFD72B /* SqliteProject */ = {
			isa = PBXGroup;
			children = (
				473F95A52784374900EFD72B /* AppDelegate.swift */,
				473F95A72784374900EFD72B /* SceneDelegate.swift */,
				473F95A92784374900EFD72B /* ViewController.swift */,
				47B7124C2785520500B03FF2 /* Database.swift */,
				472B4D082786C4F200F06DB7 /* RemoteDatabase.swift */,
				47420F382785293000005F1E /* ContactPersonViewController.swift */,
				473F95B927843B8600EFD72B /* TableViewCell.swift */,
				473F95AE2784374A00EFD72B /* Assets.xcassets */,
				473F95B02784374A00EFD72B /* LaunchScreen.storyboard */,
				473F95B32784374A00EFD72B /* Info.plist */,
				473F95BB2784426C00EFD72B /* PersonModel.swift */,
				473F95BD2784448A00EFD72B /* Extension.swift */,
			);
			path = SqliteProject;
			sourceTree = "<group>";
		};
		51ADA9245A7008C1E14BBDBB /* Pods */ = {
			isa = PBXGroup;
			children = (
				5BC23536426A3EEC7F2F5C9D /* Pods-SqliteProject.debug.xcconfig */,
				2A17032CD7BF67FB89BB25AE /* Pods-SqliteProject.release.xcconfig */,
			);
			path = Pods;
			sourceTree = "<group>";
		};
/* End PBXGroup section */

/* Begin PBXNativeTarget section */
		473F95A12784374900EFD72B /* SqliteProject */ = {
			isa = PBXNativeTarget;
			buildConfigurationList = 473F95B62784374A00EFD72B /* Build configuration list for PBXNativeTarget "SqliteProject" */;
			buildPhases = (
				3020C069F156C36E80904B48 /* [CP] Check Pods Manifest.lock */,
				473F959E2784374900EFD72B /* Sources */,
				473F959F2784374900EFD72B /* Frameworks */,
				473F95A02784374900EFD72B /* Resources */,
				99BE81D02D9B6CC779730A46 /* [CP] Embed Pods Frameworks */,
			);
			buildRules = (
			);
			dependencies = (
			);
			name = SqliteProject;
			productName = SqliteProject;
			productReference = 473F95A22784374900EFD72B /* SqliteProject.app */;
			productType = "com.apple.product-type.application";
		};
/* End PBXNativeTarget section */

/* Begin PBXProject section */
		473F959A2784374900EFD72B /* Project object */ = {
			isa = PBXProject;
			attributes = {
				LastSwiftUpdateCheck = 1250;
				LastUpgradeCheck = 1250;
				TargetAttributes = {
					473F95A12784374900EFD72B = {
						CreatedOnToolsVersion = 12.5.1;
					};
				};
			};
			buildConfigurationList = 473F959D2784374900EFD72B /* Build configuration list for PBXProject "SqliteProject" */;
			compatibilityVersion = "Xcode 9.3";
			developmentRegion = en;
			hasScannedForEncodings = 0;
			knownRegions = (
				en,
				Base,
			);
			mainGroup = 473F95992784374900EFD72B;
			productRefGroup = 473F95A32784374900EFD72B /* Products */;
			projectDirPath = "";
			projectRoot = "";
			targets = (
				473F95A12784374900EFD72B /* SqliteProject */,
			);
		};
/* End PBXProject section */

/* Begin PBXResourcesBuildPhase section */
		473F95A02784374900EFD72B /* Resources */ = {
			isa = PBXResourcesBuildPhase;
			buildActionMask = 2147483647;
			files = (
				473F95B22784374A00EFD72B /* LaunchScreen.storyboard in Resources */,
				473F95AF2784374A00EFD72B /* Assets.xcassets in Resources */,
			);
			runOnlyForDeploymentPostprocessing = 0;
		};
/* End PBXResourcesBuildPhase section */

/* Begin PBXShellScriptBuildPhase section */
		3020C069F156C36E80904B48 /* [CP] Check Pods Manifest.lock */ = {
			isa = PBXShellScriptBuildPhase;
			buildActionMask = 2147483647;
			files = (
			);
			inputFileListPaths = (
			);
			inputPaths = (
				"${PODS_PODFILE_DIR_PATH}/Podfile.lock",
				"${PODS_ROOT}/Manifest.lock",
			);
			name = "[CP] Check Pods Manifest.lock";
			outputFileListPaths = (
			);
			outputPaths = (
				"$(DERIVED_FILE_DIR)/Pods-SqliteProject-checkManifestLockResult.txt",
			);
			runOnlyForDeploymentPostprocessing = 0;
			shellPath = /bin/sh;
			shellScript = "diff \"${PODS_PODFILE_DIR_PATH}/Podfile.lock\" \"${PODS_ROOT}/Manifest.lock\" > /dev/null\nif [ $? != 0 ] ; then\n    # print error to STDERR\n    echo \"error: The sandbox is not in sync with the Podfile.lock. Run 'pod install' or update your CocoaPods installation.\" >&2\n    exit 1\nfi\n# This output is used by Xcode 'outputs' to avoid re-running this script phase.\necho \"SUCCESS\" > \"${SCRIPT_OUTPUT_FILE_0}\"\n";
			showEnvVarsInLog = 0;
		};
		99BE81D02D9B6CC779730A46 /* [CP] Embed Pods Frameworks */ = {
			isa = PBXShellScriptBuildPhase;
			buildActionMask = 2147483647;
			files = (
			);
			inputFileListPaths = (
				"${PODS_ROOT}/Target Support Files/Pods-SqliteProject/Pods-SqliteProject-frameworks-${CONFIGURATION}-input-files.xcfilelist",
			);
			name = "[CP] Embed Pods Frameworks";
			outputFileListPaths = (
				"${PODS_ROOT}/Target Support Files/Pods-SqliteProject/Pods-SqliteProject-frameworks-${CONFIGURATION}-output-files.xcfilelist",
			);
			runOnlyForDeploymentPostprocessing = 0;
			shellPath = /bin/sh;
			shellScript = "\"${PODS_ROOT}/Target Support Files/Pods-SqliteProject/Pods-SqliteProject-frameworks.sh\"\n";
			showEnvVarsInLog = 0;
		};
/* End PBXShellScriptBuildPhase section */

/* Begin PBXSourcesBuildPhase section */
		473F959E2784374900EFD72B /* Sources */ = {
			isa = PBXSourcesBuildPhase;
			buildActionMask = 2147483647;
			files = (
				473F95AA2784374900EFD72B /* ViewController.swift in Sources */,
				473F95BA27843B8600EFD72B /* TableViewCell.swift in Sources */,
				473F95BC2784426C00EFD72B /* PersonModel.swift in Sources */,
				47420F392785293000005F1E /* ContactPersonViewController.swift in Sources */,
				473F95BE2784448A00EFD72B /* Extension.swift in Sources */,
				473F95A62784374900EFD72B /* AppDelegate.swift in Sources */,
				472B4D092786C4F200F06DB7 /* RemoteDatabase.swift in Sources */,
				47B7124D2785520500B03FF2 /* Database.swift in Sources */,
				473F95A82784374900EFD72B /* SceneDelegate.swift in Sources */,
			);
			runOnlyForDeploymentPostprocessing = 0;
		};
/* End PBXSourcesBuildPhase section */

/* Begin PBXVariantGroup section */
		473F95B02784374A00EFD72B /* LaunchScreen.storyboard */ = {
			isa = PBXVariantGroup;
			children = (
				473F95B12784374A00EFD72B /* Base */,
			);
			name = LaunchScreen.storyboard;
			sourceTree = "<group>";
		};
/* End PBXVariantGroup section */

/* Begin XCBuildConfiguration section */
		473F95B42784374A00EFD72B /* Debug */ = {
			isa = XCBuildConfiguration;
			buildSettings = {
				ALWAYS_SEARCH_USER_PATHS = NO;
				CLANG_ANALYZER_NONNULL = YES;
				CLANG_ANALYZER_NUMBER_OBJECT_CONVERSION = YES_AGGRESSIVE;
				CLANG_CXX_LANGUAGE_STANDARD = "gnu++14";
				CLANG_CXX_LIBRARY = "libc++";
				CLANG_ENABLE_MODULES = YES;
				CLANG_ENABLE_OBJC_ARC = YES;
				CLANG_ENABLE_OBJC_WEAK = YES;
				CLANG_WARN_BLOCK_CAPTURE_AUTORELEASING = YES;
				CLANG_WARN_BOOL_CONVERSION = YES;
				CLANG_WARN_COMMA = YES;
				CLANG_WARN_CONSTANT_CONVERSION = YES;
				CLANG_WARN_DEPRECATED_OBJC_IMPLEMENTATIONS = YES;
				CLANG_WARN_DIRECT_OBJC_ISA_USAGE = YES_ERROR;
				CLANG_WARN_DOCUMENTATION_COMMENTS = YES;
				CLANG_WARN_EMPTY_BODY = YES;
				CLANG_WARN_ENUM_CONVERSION = YES;
				CLANG_WARN_INFINITE_RECURSION = YES;
				CLANG_WARN_INT_CONVERSION = YES;
				CLANG_WARN_NON_LITERAL_NULL_CONVERSION = YES;
				CLANG_WARN_OBJC_IMPLICIT_RETAIN_SELF = YES;
				CLANG_WARN_OBJC_LITERAL_CONVERSION = YES;
				CLANG_WARN_OBJC_ROOT_CLASS = YES_ERROR;
				CLANG_WARN_QUOTED_INCLUDE_IN_FRAMEWORK_HEADER = YES;
				CLANG_WARN_RANGE_LOOP_ANALYSIS = YES;
				CLANG_WARN_STRICT_PROTOTYPES = YES;
				CLANG_WARN_SUSPICIOUS_MOVE = YES;
				CLANG_WARN_UNGUARDED_AVAILABILITY = YES_AGGRESSIVE;
				CLANG_WARN_UNREACHABLE_CODE = YES;
				CLANG_WARN__DUPLICATE_METHOD_MATCH = YES;
				COPY_PHASE_STRIP = NO;
				DEBUG_INFORMATION_FORMAT = dwarf;
				ENABLE_STRICT_OBJC_MSGSEND = YES;
				ENABLE_TESTABILITY = YES;
				GCC_C_LANGUAGE_STANDARD = gnu11;
				GCC_DYNAMIC_NO_PIC = NO;
				GCC_NO_COMMON_BLOCKS = YES;
				GCC_OPTIMIZATION_LEVEL = 0;
				GCC_PREPROCESSOR_DEFINITIONS = (
					"DEBUG=1",
					"$(inherited)",
				);
				GCC_WARN_64_TO_32_BIT_CONVERSION = YES;
				GCC_WARN_ABOUT_RETURN_TYPE = YES_ERROR;
				GCC_WARN_UNDECLARED_SELECTOR = YES;
				GCC_WARN_UNINITIALIZED_AUTOS = YES_AGGRESSIVE;
				GCC_WARN_UNUSED_FUNCTION = YES;
				GCC_WARN_UNUSED_VARIABLE = YES;
				IPHONEOS_DEPLOYMENT_TARGET = 14.5;
				MTL_ENABLE_DEBUG_INFO = INCLUDE_SOURCE;
				MTL_FAST_MATH = YES;
				ONLY_ACTIVE_ARCH = YES;
				SDKROOT = iphoneos;
				SWIFT_ACTIVE_COMPILATION_CONDITIONS = DEBUG;
				SWIFT_OPTIMIZATION_LEVEL = "-Onone";
			};
			name = Debug;
		};
		473F95B52784374A00EFD72B /* Release */ = {
			isa = XCBuildConfiguration;
			buildSettings = {
				ALWAYS_SEARCH_USER_PATHS = NO;
				CLANG_ANALYZER_NONNULL = YES;
				CLANG_ANALYZER_NUMBER_OBJECT_CONVERSION = YES_AGGRESSIVE;
				CLANG_CXX_LANGUAGE_STANDARD = "gnu++14";
				CLANG_CXX_LIBRARY = "libc++";
				CLANG_ENABLE_MODULES = YES;
				CLANG_ENABLE_OBJC_ARC = YES;
				CLANG_ENABLE_OBJC_WEAK = YES;
				CLANG_WARN_BLOCK_CAPTURE_AUTORELEASING = YES;
				CLANG_WARN_BOOL_CONVERSION = YES;
				CLANG_WARN_COMMA = YES;
				CLANG_WARN_CONSTANT_CONVERSION = YES;
				CLANG_WARN_DEPRECATED_OBJC_IMPLEMENTATIONS = YES;
				CLANG_WARN_DIRECT_OBJC_ISA_USAGE = YES_ERROR;
				CLANG_WARN_DOCUMENTATION_COMMENTS = YES;
				CLANG_WARN_EMPTY_BODY = YES;
				CLANG_WARN_ENUM_CONVERSION = YES;
				CLANG_WARN_INFINITE_RECURSION = YES;
				CLANG_WARN_INT_CONVERSION = YES;
				CLANG_WARN_NON_LITERAL_NULL_CONVERSION = YES;
				CLANG_WARN_OBJC_IMPLICIT_RETAIN_SELF = YES;
				CLANG_WARN_OBJC_LITERAL_CONVERSION = YES;
				CLANG_WARN_OBJC_ROOT_CLASS = YES_ERROR;
				CLANG_WARN_QUOTED_INCLUDE_IN_FRAMEWORK_HEADER = YES;
				CLANG_WARN_RANGE_LOOP_ANALYSIS = YES;
				CLANG_WARN_STRICT_PROTOTYPES = YES;
				CLANG_WARN_SUSPICIOUS_MOVE = YES;
				CLANG_WARN_UNGUARDED_AVAILABILITY = YES_AGGRESSIVE;
				CLANG_WARN_UNREACHABLE_CODE = YES;
				CLANG_WARN__DUPLICATE_METHOD_MATCH = YES;
				COPY_PHASE_STRIP = NO;
				DEBUG_INFORMATION_FORMAT = "dwarf-with-dsym";
				ENABLE_NS_ASSERTIONS = NO;
				ENABLE_STRICT_OBJC_MSGSEND = YES;
				GCC_C_LANGUAGE_STANDARD = gnu11;
				GCC_NO_COMMON_BLOCKS = YES;
				GCC_WARN_64_TO_32_BIT_CONVERSION = YES;
				GCC_WARN_ABOUT_RETURN_TYPE = YES_ERROR;
				GCC_WARN_UNDECLARED_SELECTOR = YES;
				GCC_WARN_UNINITIALIZED_AUTOS = YES_AGGRESSIVE;
				GCC_WARN_UNUSED_FUNCTION = YES;
				GCC_WARN_UNUSED_VARIABLE = YES;
				IPHONEOS_DEPLOYMENT_TARGET = 14.5;
				MTL_ENABLE_DEBUG_INFO = NO;
				MTL_FAST_MATH = YES;
				SDKROOT = iphoneos;
				SWIFT_COMPILATION_MODE = wholemodule;
				SWIFT_OPTIMIZATION_LEVEL = "-O";
				VALIDATE_PRODUCT = YES;
			};
			name = Release;
		};
		473F95B72784374A00EFD72B /* Debug */ = {
			isa = XCBuildConfiguration;
			baseConfigurationReference = 5BC23536426A3EEC7F2F5C9D /* Pods-SqliteProject.debug.xcconfig */;
			buildSettings = {
				ASSETCATALOG_COMPILER_APPICON_NAME = AppIcon;
				ASSETCATALOG_COMPILER_GLOBAL_ACCENT_COLOR_NAME = AccentColor;
				CODE_SIGN_STYLE = Automatic;
				DEVELOPMENT_TEAM = 5X99Q2QM77;
				INFOPLIST_FILE = SqliteProject/Info.plist;
				LD_RUNPATH_SEARCH_PATHS = (
					"$(inherited)",
					"@executable_path/Frameworks",
				);
				PRODUCT_BUNDLE_IDENTIFIER = NotificationSample.SqliteProject;
				PRODUCT_NAME = "$(TARGET_NAME)";
				SWIFT_VERSION = 5.0;
				TARGETED_DEVICE_FAMILY = "1,2";
			};
			name = Debug;
		};
		473F95B82784374A00EFD72B /* Release */ = {
			isa = XCBuildConfiguration;
			baseConfigurationReference = 2A17032CD7BF67FB89BB25AE /* Pods-SqliteProject.release.xcconfig */;
			buildSettings = {
				ASSETCATALOG_COMPILER_APPICON_NAME = AppIcon;
				ASSETCATALOG_COMPILER_GLOBAL_ACCENT_COLOR_NAME = AccentColor;
				CODE_SIGN_STYLE = Automatic;
				DEVELOPMENT_TEAM = 5X99Q2QM77;
				INFOPLIST_FILE = SqliteProject/Info.plist;
				LD_RUNPATH_SEARCH_PATHS = (
					"$(inherited)",
					"@executable_path/Frameworks",
				);
				PRODUCT_BUNDLE_IDENTIFIER = NotificationSample.SqliteProject;
				PRODUCT_NAME = "$(TARGET_NAME)";
				SWIFT_VERSION = 5.0;
				TARGETED_DEVICE_FAMILY = "1,2";
			};
			name = Release;
		};
/* End XCBuildConfiguration section */

/* Begin XCConfigurationList section */
		473F959D2784374900EFD72B /* Build configuration list for PBXProject "SqliteProject" */ = {
			isa = XCConfigurationList;
			buildConfigurations = (
				473F95B42784374A00EFD72B /* Debug */,
				473F95B52784374A00EFD72B /* Release */,
			);
			defaultConfigurationIsVisible = 0;
			defaultConfigurationName = Release;
		};
		473F95B62784374A00EFD72B /* Build configuration list for PBXNativeTarget "SqliteProject" */ = {
			isa = XCConfigurationList;
			buildConfigurations = (
				473F95B72784374A00EFD72B /* Debug */,
				473F95B82784374A00EFD72B /* Release */,
			);
			defaultConfigurationIsVisible = 0;
			defaultConfigurationName = Release;
		};
/* End XCConfigurationList section */
	};
	rootObject = 473F959A2784374900EFD72B /* Project object */;
}
